
Microsoft Visual Studio Solution File, Format Version 12.00
# Visual Studio Version 17
VisualStudioVersion = 17.2.32526.322
MinimumVisualStudioVersion = 10.0.40219.1
Project("{FAE04EC0-301F-11D3-BF4B-00C04F79EFBC}") = "InterviewDemo", "InterviewDemo\InterviewDemo.csproj", "{A2437034-BBFB-48E0-8077-129E56CA21D0}"
EndProject
Global
	GlobalSection(SolutionConfigurationPlatforms) = preSolution
		Debug|Any CPU = Debug|Any CPU
		Release|Any CPU = Release|Any CPU
	EndGlobalSection
	GlobalSection(ProjectConfigurationPlatforms) = postSolution
		{A2437034-BBFB-48E0-8077-129E56CA21D0}.Debug|Any CPU.ActiveCfg = Debug|Any CPU
		{A2437034-BBFB-48E0-8077-129E56CA21D0}.Debug|Any CPU.Build.0 = Debug|Any CPU
		{A2437034-BBFB-48E0-8077-129E56CA21D0}.Release|Any CPU.ActiveCfg = Release|Any CPU
		{A2437034-BBFB-48E0-8077-129E56CA21D0}.Release|Any CPU.Build.0 = Release|Any CPU
	EndGlobalSection
	GlobalSection(SolutionProperties) = preSolution
		HideSolutionNode = FALSE
	EndGlobalSection
	GlobalSection(ExtensibilityGlobals) = postSolution
		SolutionGuid = {1BD5930B-D9EB-4A4C-9BF5-EF2A32BE9ACF}
	EndGlobalSection
EndGlobal
